
Microsoft Visual Studio Solution File, Format Version 12.00
# Visual Studio Version 16
VisualStudioVersion = 16.0.29519.181
MinimumVisualStudioVersion = 10.0.40219.1
Project("{2150E333-8FDC-42A3-9474-1A3956D46DE8}") = "Microservices", "Microservices", "{0BF75C5C-31E1-4FDE-9448-B9BBB3365C1D}"
EndProject
Project("{2150E333-8FDC-42A3-9474-1A3956D46DE8}") = "Domain", "Domain", "{1D5C82EE-6753-4EDD-84E3-142E8E054E5D}"
EndProject
Project("{2150E333-8FDC-42A3-9474-1A3956D46DE8}") = "Infra.Bus", "Infra.Bus", "{D20405A5-B1F2-4A1B-8AB0-9900E12DC4C1}"
EndProject
Project("{2150E333-8FDC-42A3-9474-1A3956D46DE8}") = "Infra.IoC", "Infra.IoC", "{BA8D3682-A62D-4784-9DE4-6AE8CE0D2857}"
EndProject
Project("{2150E333-8FDC-42A3-9474-1A3956D46DE8}") = "Presentation", "Presentation", "{281C62CD-5870-4969-8E6F-E9778155200F}"
EndProject
Project("{9A19103F-16F7-4668-BE54-9A1E7A4F7556}") = "MicroRabbit.Domain.Core", "MicroRabbit.Domain.Core\MicroRabbit.Domain.Core.csproj", "{7E300869-FB96-4AEA-8559-BC0CADD51F84}"
EndProject
Project("{9A19103F-16F7-4668-BE54-9A1E7A4F7556}") = "MicroRabbit.Infra.Bus", "MicroRabbit.Infra.Bus\MicroRabbit.Infra.Bus.csproj", "{EADAB6F6-569C-4C38-B43C-4C1B1A5AFF76}"
EndProject
Project("{FAE04EC0-301F-11D3-BF4B-00C04F79EFBC}") = "MicroRabbit.Infra.IoC", "MicroRabbit.Infra.IoC\MicroRabbit.Infra.IoC.csproj", "{703ABAB6-01ED-4844-95CE-87178BEB8693}"
EndProject
Project("{2150E333-8FDC-42A3-9474-1A3956D46DE8}") = "Banking", "Banking", "{9331D165-4CF9-43A1-9AB9-AF7FB34BEF16}"
EndProject
Project("{2150E333-8FDC-42A3-9474-1A3956D46DE8}") = "Api", "Api", "{8E1136DE-6CE5-4E97-9310-DAE62E8A63C1}"
EndProject
Project("{2150E333-8FDC-42A3-9474-1A3956D46DE8}") = "Domain", "Domain", "{56366C72-E8F0-408C-8B2B-4DB41F542CD2}"
EndProject
Project("{2150E333-8FDC-42A3-9474-1A3956D46DE8}") = "Application", "Application", "{1C71288F-ECBB-41B4-A6F3-80AF4C773B31}"
EndProject
Project("{2150E333-8FDC-42A3-9474-1A3956D46DE8}") = "Data", "Data", "{FABF67E8-5B15-43AE-A9CF-EE7241A4B89C}"
EndProject
Project("{FAE04EC0-301F-11D3-BF4B-00C04F79EFBC}") = "MicroRabbit.Banking.Api", "MicroRabbit.Banking.Api\MicroRabbit.Banking.Api.csproj", "{8E48A24A-E530-415A-BF61-062FD8BF5908}"
EndProject
Project("{FAE04EC0-301F-11D3-BF4B-00C04F79EFBC}") = "MicroRabbit.Banking.Application", "MicroRabbit.Banking.Application\MicroRabbit.Banking.Application.csproj", "{7A4A2FA7-8E13-45AD-BFC2-25BBB43DE6C3}"
EndProject
Project("{FAE04EC0-301F-11D3-BF4B-00C04F79EFBC}") = "MicroRabbit.Banking.Data", "MicroRabbit.Banking.Data\MicroRabbit.Banking.Data.csproj", "{D6369939-AF36-4AE1-8EBE-B1698309B3D4}"
EndProject
Project("{FAE04EC0-301F-11D3-BF4B-00C04F79EFBC}") = "MicroRabbit.Banking.Domain", "MicroRabbit.Banking.Domain\MicroRabbit.Banking.Domain.csproj", "{0CA54558-1856-4659-95C4-4F648E3B3E1C}"
EndProject
Global
	GlobalSection(SolutionConfigurationPlatforms) = preSolution
		Debug|Any CPU = Debug|Any CPU
		Release|Any CPU = Release|Any CPU
	EndGlobalSection
	GlobalSection(ProjectConfigurationPlatforms) = postSolution
		{7E300869-FB96-4AEA-8559-BC0CADD51F84}.Debug|Any CPU.ActiveCfg = Debug|Any CPU
		{7E300869-FB96-4AEA-8559-BC0CADD51F84}.Debug|Any CPU.Build.0 = Debug|Any CPU
		{7E300869-FB96-4AEA-8559-BC0CADD51F84}.Release|Any CPU.ActiveCfg = Release|Any CPU
		{7E300869-FB96-4AEA-8559-BC0CADD51F84}.Release|Any CPU.Build.0 = Release|Any CPU
		{EADAB6F6-569C-4C38-B43C-4C1B1A5AFF76}.Debug|Any CPU.ActiveCfg = Debug|Any CPU
		{EADAB6F6-569C-4C38-B43C-4C1B1A5AFF76}.Debug|Any CPU.Build.0 = Debug|Any CPU
		{EADAB6F6-569C-4C38-B43C-4C1B1A5AFF76}.Release|Any CPU.ActiveCfg = Release|Any CPU
		{EADAB6F6-569C-4C38-B43C-4C1B1A5AFF76}.Release|Any CPU.Build.0 = Release|Any CPU
		{703ABAB6-01ED-4844-95CE-87178BEB8693}.Debug|Any CPU.ActiveCfg = Debug|Any CPU
		{703ABAB6-01ED-4844-95CE-87178BEB8693}.Debug|Any CPU.Build.0 = Debug|Any CPU
		{703ABAB6-01ED-4844-95CE-87178BEB8693}.Release|Any CPU.ActiveCfg = Release|Any CPU
		{703ABAB6-01ED-4844-95CE-87178BEB8693}.Release|Any CPU.Build.0 = Release|Any CPU
		{8E48A24A-E530-415A-BF61-062FD8BF5908}.Debug|Any CPU.ActiveCfg = Debug|Any CPU
		{8E48A24A-E530-415A-BF61-062FD8BF5908}.Debug|Any CPU.Build.0 = Debug|Any CPU
		{8E48A24A-E530-415A-BF61-062FD8BF5908}.Release|Any CPU.ActiveCfg = Release|Any CPU
		{8E48A24A-E530-415A-BF61-062FD8BF5908}.Release|Any CPU.Build.0 = Release|Any CPU
		{7A4A2FA7-8E13-45AD-BFC2-25BBB43DE6C3}.Debug|Any CPU.ActiveCfg = Debug|Any CPU
		{7A4A2FA7-8E13-45AD-BFC2-25BBB43DE6C3}.Debug|Any CPU.Build.0 = Debug|Any CPU
		{7A4A2FA7-8E13-45AD-BFC2-25BBB43DE6C3}.Release|Any CPU.ActiveCfg = Release|Any CPU
		{7A4A2FA7-8E13-45AD-BFC2-25BBB43DE6C3}.Release|Any CPU.Build.0 = Release|Any CPU
		{D6369939-AF36-4AE1-8EBE-B1698309B3D4}.Debug|Any CPU.ActiveCfg = Debug|Any CPU
		{D6369939-AF36-4AE1-8EBE-B1698309B3D4}.Debug|Any CPU.Build.0 = Debug|Any CPU
		{D6369939-AF36-4AE1-8EBE-B1698309B3D4}.Release|Any CPU.ActiveCfg = Release|Any CPU
		{D6369939-AF36-4AE1-8EBE-B1698309B3D4}.Release|Any CPU.Build.0 = Release|Any CPU
		{0CA54558-1856-4659-95C4-4F648E3B3E1C}.Debug|Any CPU.ActiveCfg = Debug|Any CPU
		{0CA54558-1856-4659-95C4-4F648E3B3E1C}.Debug|Any CPU.Build.0 = Debug|Any CPU
		{0CA54558-1856-4659-95C4-4F648E3B3E1C}.Release|Any CPU.ActiveCfg = Release|Any CPU
		{0CA54558-1856-4659-95C4-4F648E3B3E1C}.Release|Any CPU.Build.0 = Release|Any CPU
	EndGlobalSection
	GlobalSection(SolutionProperties) = preSolution
		HideSolutionNode = FALSE
	EndGlobalSection
	GlobalSection(NestedProjects) = preSolution
		{7E300869-FB96-4AEA-8559-BC0CADD51F84} = {1D5C82EE-6753-4EDD-84E3-142E8E054E5D}
		{EADAB6F6-569C-4C38-B43C-4C1B1A5AFF76} = {D20405A5-B1F2-4A1B-8AB0-9900E12DC4C1}
		{703ABAB6-01ED-4844-95CE-87178BEB8693} = {BA8D3682-A62D-4784-9DE4-6AE8CE0D2857}
		{9331D165-4CF9-43A1-9AB9-AF7FB34BEF16} = {0BF75C5C-31E1-4FDE-9448-B9BBB3365C1D}
		{8E1136DE-6CE5-4E97-9310-DAE62E8A63C1} = {9331D165-4CF9-43A1-9AB9-AF7FB34BEF16}
		{56366C72-E8F0-408C-8B2B-4DB41F542CD2} = {9331D165-4CF9-43A1-9AB9-AF7FB34BEF16}
		{1C71288F-ECBB-41B4-A6F3-80AF4C773B31} = {9331D165-4CF9-43A1-9AB9-AF7FB34BEF16}
		{FABF67E8-5B15-43AE-A9CF-EE7241A4B89C} = {9331D165-4CF9-43A1-9AB9-AF7FB34BEF16}
		{8E48A24A-E530-415A-BF61-062FD8BF5908} = {8E1136DE-6CE5-4E97-9310-DAE62E8A63C1}
		{7A4A2FA7-8E13-45AD-BFC2-25BBB43DE6C3} = {1C71288F-ECBB-41B4-A6F3-80AF4C773B31}
		{D6369939-AF36-4AE1-8EBE-B1698309B3D4} = {FABF67E8-5B15-43AE-A9CF-EE7241A4B89C}
		{0CA54558-1856-4659-95C4-4F648E3B3E1C} = {56366C72-E8F0-408C-8B2B-4DB41F542CD2}
	EndGlobalSection
	GlobalSection(ExtensibilityGlobals) = postSolution
		SolutionGuid = {723A45D8-01F7-4CE3-893F-3A7E1EFCCA2C}
	EndGlobalSection
EndGlobal
